// !$*UTF8*$!
{
	archiveVersion = 1;
	classes = {
	};
	objectVersion = 50;
	objects = {

/* Begin PBXBuildFile section */
		7ADE49D5219CA2F0000463DA /* AppDelegate.swift in Sources */ = {isa = PBXBuildFile; fileRef = 7ADE49D4219CA2F0000463DA /* AppDelegate.swift */; };
		7ADE49D7219CA2F0000463DA /* ViewController.swift in Sources */ = {isa = PBXBuildFile; fileRef = 7ADE49D6219CA2F0000463DA /* ViewController.swift */; };
		7ADE49DA219CA2F0000463DA /* Main.storyboard in Resources */ = {isa = PBXBuildFile; fileRef = 7ADE49D8219CA2F0000463DA /* Main.storyboard */; };
		7ADE49DC219CA2F2000463DA /* Assets.xcassets in Resources */ = {isa = PBXBuildFile; fileRef = 7ADE49DB219CA2F2000463DA /* Assets.xcassets */; };
		7ADE49DF219CA2F2000463DA /* LaunchScreen.storyboard in Resources */ = {isa = PBXBuildFile; fileRef = 7ADE49DD219CA2F2000463DA /* LaunchScreen.storyboard */; };
/* End PBXBuildFile section */

/* Begin PBXContainerItemProxy section */
		7ADE49F1219CA35A000463DA /* PBXContainerItemProxy */ = {
			isa = PBXContainerItemProxy;
			containerPortal = 7ADE49E6219CA359000463DA /* Apollo.xcodeproj */;
			proxyType = 2;
			remoteGlobalIDString = 9FC750441D2A532C00458D91;
			remoteInfo = Apollo;
		};
		7ADE49F3219CA35A000463DA /* PBXContainerItemProxy */ = {
			isa = PBXContainerItemProxy;
			containerPortal = 7ADE49E6219CA359000463DA /* Apollo.xcodeproj */;
			proxyType = 2;
			remoteGlobalIDString = 9FC7504E1D2A532D00458D91;
			remoteInfo = ApolloTests;
		};
		7ADE49F5219CA35A000463DA /* PBXContainerItemProxy */ = {
			isa = PBXContainerItemProxy;
			containerPortal = 7ADE49E6219CA359000463DA /* Apollo.xcodeproj */;
			proxyType = 2;
			remoteGlobalIDString = 9FA6ABBC1EC0A988000017BE;
			remoteInfo = ApolloCacheDependentTests;
		};
		7ADE49F7219CA35A000463DA /* PBXContainerItemProxy */ = {
			isa = PBXContainerItemProxy;
			containerPortal = 7ADE49E6219CA359000463DA /* Apollo.xcodeproj */;
			proxyType = 2;
			remoteGlobalIDString = 9FC631331E6AE2080062707E;
			remoteInfo = ApolloPerformanceTests;
		};
		7ADE49F9219CA35A000463DA /* PBXContainerItemProxy */ = {
			isa = PBXContainerItemProxy;
			containerPortal = 7ADE49E6219CA359000463DA /* Apollo.xcodeproj */;
			proxyType = 2;
			remoteGlobalIDString = 9FCE2CFA1E6C213D00E34457;
			remoteInfo = StarWarsAPI;
		};
		7ADE49FB219CA35A000463DA /* PBXContainerItemProxy */ = {
			isa = PBXContainerItemProxy;
			containerPortal = 7ADE49E6219CA359000463DA /* Apollo.xcodeproj */;
			proxyType = 2;
			remoteGlobalIDString = 9FACA9C61F42E67200AE2DBD;
			remoteInfo = GitHubAPI;
		};
		7ADE49FD219CA35A000463DA /* PBXContainerItemProxy */ = {
			isa = PBXContainerItemProxy;
			containerPortal = 7ADE49E6219CA359000463DA /* Apollo.xcodeproj */;
			proxyType = 2;
			remoteGlobalIDString = 9FD637E11E6ACF88001EDBC8;
			remoteInfo = "TestHost iOS";
		};
		7ADE49FF219CA35A000463DA /* PBXContainerItemProxy */ = {
			isa = PBXContainerItemProxy;
			containerPortal = 7ADE49E6219CA359000463DA /* Apollo.xcodeproj */;
			proxyType = 2;
			remoteGlobalIDString = 9F8A95781EC0FC1200304A2D;
			remoteInfo = ApolloTestSupport;
		};
		7ADE4A01219CA368000463DA /* PBXContainerItemProxy */ = {
			isa = PBXContainerItemProxy;
			containerPortal = 7ADE49E6219CA359000463DA /* Apollo.xcodeproj */;
			proxyType = 1;
			remoteGlobalIDString = 9FC750431D2A532C00458D91;
			remoteInfo = Apollo;
		};
/* End PBXContainerItemProxy section */

/* Begin PBXFileReference section */
		7ADE49D1219CA2F0000463DA /* SampleAppWithAppolloDependency.app */ = {isa = PBXFileReference; explicitFileType = wrapper.application; includeInIndex = 0; path = SampleAppWithAppolloDependency.app; sourceTree = BUILT_PRODUCTS_DIR; };
		7ADE49D4219CA2F0000463DA /* AppDelegate.swift */ = {isa = PBXFileReference; lastKnownFileType = sourcecode.swift; path = AppDelegate.swift; sourceTree = "<group>"; };
		7ADE49D6219CA2F0000463DA /* ViewController.swift */ = {isa = PBXFileReference; lastKnownFileType = sourcecode.swift; path = ViewController.swift; sourceTree = "<group>"; };
		7ADE49D9219CA2F0000463DA /* Base */ = {isa = PBXFileReference; lastKnownFileType = file.storyboard; name = Base; path = Base.lproj/Main.storyboard; sourceTree = "<group>"; };
		7ADE49DB219CA2F2000463DA /* Assets.xcassets */ = {isa = PBXFileReference; lastKnownFileType = folder.assetcatalog; path = Assets.xcassets; sourceTree = "<group>"; };
		7ADE49DE219CA2F2000463DA /* Base */ = {isa = PBXFileReference; lastKnownFileType = file.storyboard; name = Base; path = Base.lproj/LaunchScreen.storyboard; sourceTree = "<group>"; };
		7ADE49E0219CA2F2000463DA /* Info.plist */ = {isa = PBXFileReference; lastKnownFileType = text.plist.xml; path = Info.plist; sourceTree = "<group>"; };
		7ADE49E6219CA359000463DA /* Apollo.xcodeproj */ = {isa = PBXFileReference; lastKnownFileType = "wrapper.pb-project"; name = Apollo.xcodeproj; path = Vendor/Apollo/Apollo.xcodeproj; sourceTree = "<group>"; };
/* End PBXFileReference section */

/* Begin PBXFrameworksBuildPhase section */
		7ADE49CE219CA2F0000463DA /* Frameworks */ = {
			isa = PBXFrameworksBuildPhase;
			buildActionMask = 2147483647;
			files = (
			);
			runOnlyForDeploymentPostprocessing = 0;
		};
/* End PBXFrameworksBuildPhase section */

/* Begin PBXGroup section */
		7ADE49C8219CA2F0000463DA = {
			isa = PBXGroup;
			children = (
				7ADE49E6219CA359000463DA /* Apollo.xcodeproj */,
				7ADE49D3219CA2F0000463DA /* SampleAppWithAppolloDependency */,
				7ADE49D2219CA2F0000463DA /* Products */,
			);
			sourceTree = "<group>";
		};
		7ADE49D2219CA2F0000463DA /* Products */ = {
			isa = PBXGroup;
			children = (
				7ADE49D1219CA2F0000463DA /* SampleAppWithAppolloDependency.app */,
			);
			name = Products;
			sourceTree = "<group>";
		};
		7ADE49D3219CA2F0000463DA /* SampleAppWithAppolloDependency */ = {
			isa = PBXGroup;
			children = (
				7ADE49D4219CA2F0000463DA /* AppDelegate.swift */,
				7ADE49D6219CA2F0000463DA /* ViewController.swift */,
				7ADE49D8219CA2F0000463DA /* Main.storyboard */,
				7ADE49DB219CA2F2000463DA /* Assets.xcassets */,
				7ADE49DD219CA2F2000463DA /* LaunchScreen.storyboard */,
				7ADE49E0219CA2F2000463DA /* Info.plist */,
			);
			path = SampleAppWithAppolloDependency;
			sourceTree = "<group>";
		};
		7ADE49E7219CA359000463DA /* Products */ = {
			isa = PBXGroup;
			children = (
				7ADE49F2219CA35A000463DA /* Apollo.framework */,
				7ADE49F4219CA35A000463DA /* ApolloTests.xctest */,
				7ADE49F6219CA35A000463DA /* ApolloCacheDependentTests.xctest */,
				7ADE49F8219CA35A000463DA /* ApolloPerformanceTests.xctest */,
				7ADE49FA219CA35A000463DA /* StarWarsAPI.framework */,
				7ADE49FC219CA35A000463DA /* GitHubAPI.framework */,
				7ADE49FE219CA35A000463DA /* TestHost iOS.app */,
				7ADE4A00219CA35A000463DA /* ApolloTestSupport.framework */,
			);
			name = Products;
			sourceTree = "<group>";
		};
/* End PBXGroup section */

/* Begin PBXNativeTarget section */
		7ADE49D0219CA2F0000463DA /* SampleAppWithAppolloDependency */ = {
			isa = PBXNativeTarget;
			buildConfigurationList = 7ADE49E3219CA2F2000463DA /* Build configuration list for PBXNativeTarget "SampleAppWithAppolloDependency" */;
			buildPhases = (
				7ADE4A03219CA395000463DA /* ShellScript */,
				7ADE49CD219CA2F0000463DA /* Sources */,
				7ADE49CE219CA2F0000463DA /* Frameworks */,
				7ADE49CF219CA2F0000463DA /* Resources */,
			);
			buildRules = (
			);
			dependencies = (
				7ADE4A02219CA368000463DA /* PBXTargetDependency */,
			);
			name = SampleAppWithAppolloDependency;
			productName = SampleAppWithAppolloDependency;
			productReference = 7ADE49D1219CA2F0000463DA /* SampleAppWithAppolloDependency.app */;
			productType = "com.apple.product-type.application";
		};
/* End PBXNativeTarget section */

/* Begin PBXProject section */
		7ADE49C9219CA2F0000463DA /* Project object */ = {
			isa = PBXProject;
			attributes = {
				LastSwiftUpdateCheck = 1010;
				LastUpgradeCheck = 1010;
				ORGANIZATIONNAME = "Perfectly-Cooked";
				TargetAttributes = {
					7ADE49D0219CA2F0000463DA = {
						CreatedOnToolsVersion = 10.1;
					};
				};
			};
			buildConfigurationList = 7ADE49CC219CA2F0000463DA /* Build configuration list for PBXProject "SampleAppWithAppolloDependency" */;
			compatibilityVersion = "Xcode 9.3";
			developmentRegion = en;
			hasScannedForEncodings = 0;
			knownRegions = (
				en,
				Base,
			);
			mainGroup = 7ADE49C8219CA2F0000463DA;
			productRefGroup = 7ADE49D2219CA2F0000463DA /* Products */;
			projectDirPath = "";
			projectReferences = (
				{
					ProductGroup = 7ADE49E7219CA359000463DA /* Products */;
					ProjectRef = 7ADE49E6219CA359000463DA /* Apollo.xcodeproj */;
				},
			);
			projectRoot = "";
			targets = (
				7ADE49D0219CA2F0000463DA /* SampleAppWithAppolloDependency */,
			);
		};
/* End PBXProject section */

/* Begin PBXReferenceProxy section */
		7ADE49F2219CA35A000463DA /* Apollo.framework */ = {
			isa = PBXReferenceProxy;
			fileType = wrapper.framework;
			path = Apollo.framework;
			remoteRef = 7ADE49F1219CA35A000463DA /* PBXContainerItemProxy */;
			sourceTree = BUILT_PRODUCTS_DIR;
		};
		7ADE49F4219CA35A000463DA /* ApolloTests.xctest */ = {
			isa = PBXReferenceProxy;
			fileType = wrapper.cfbundle;
			path = ApolloTests.xctest;
			remoteRef = 7ADE49F3219CA35A000463DA /* PBXContainerItemProxy */;
			sourceTree = BUILT_PRODUCTS_DIR;
		};
		7ADE49F6219CA35A000463DA /* ApolloCacheDependentTests.xctest */ = {
			isa = PBXReferenceProxy;
			fileType = wrapper.cfbundle;
			path = ApolloCacheDependentTests.xctest;
			remoteRef = 7ADE49F5219CA35A000463DA /* PBXContainerItemProxy */;
			sourceTree = BUILT_PRODUCTS_DIR;
		};
		7ADE49F8219CA35A000463DA /* ApolloPerformanceTests.xctest */ = {
			isa = PBXReferenceProxy;
			fileType = wrapper.cfbundle;
			path = ApolloPerformanceTests.xctest;
			remoteRef = 7ADE49F7219CA35A000463DA /* PBXContainerItemProxy */;
			sourceTree = BUILT_PRODUCTS_DIR;
		};
		7ADE49FA219CA35A000463DA /* StarWarsAPI.framework */ = {
			isa = PBXReferenceProxy;
			fileType = wrapper.framework;
			path = StarWarsAPI.framework;
			remoteRef = 7ADE49F9219CA35A000463DA /* PBXContainerItemProxy */;
			sourceTree = BUILT_PRODUCTS_DIR;
		};
		7ADE49FC219CA35A000463DA /* GitHubAPI.framework */ = {
			isa = PBXReferenceProxy;
			fileType = wrapper.framework;
			path = GitHubAPI.framework;
			remoteRef = 7ADE49FB219CA35A000463DA /* PBXContainerItemProxy */;
			sourceTree = BUILT_PRODUCTS_DIR;
		};
		7ADE49FE219CA35A000463DA /* TestHost iOS.app */ = {
			isa = PBXReferenceProxy;
			fileType = wrapper.application;
			path = "TestHost iOS.app";
			remoteRef = 7ADE49FD219CA35A000463DA /* PBXContainerItemProxy */;
			sourceTree = BUILT_PRODUCTS_DIR;
		};
		7ADE4A00219CA35A000463DA /* ApolloTestSupport.framework */ = {
			isa = PBXReferenceProxy;
			fileType = wrapper.framework;
			path = ApolloTestSupport.framework;
			remoteRef = 7ADE49FF219CA35A000463DA /* PBXContainerItemProxy */;
			sourceTree = BUILT_PRODUCTS_DIR;
		};
/* End PBXReferenceProxy section */

/* Begin PBXResourcesBuildPhase section */
		7ADE49CF219CA2F0000463DA /* Resources */ = {
			isa = PBXResourcesBuildPhase;
			buildActionMask = 2147483647;
			files = (
				7ADE49DF219CA2F2000463DA /* LaunchScreen.storyboard in Resources */,
				7ADE49DC219CA2F2000463DA /* Assets.xcassets in Resources */,
				7ADE49DA219CA2F0000463DA /* Main.storyboard in Resources */,
			);
			runOnlyForDeploymentPostprocessing = 0;
		};
/* End PBXResourcesBuildPhase section */

/* Begin PBXShellScriptBuildPhase section */
		7ADE4A03219CA395000463DA /* ShellScript */ = {
			isa = PBXShellScriptBuildPhase;
			buildActionMask = 2147483647;
			files = (
			);
			inputFileListPaths = (
			);
			inputPaths = (
			);
			outputFileListPaths = (
			);
			outputPaths = (
			);
			runOnlyForDeploymentPostprocessing = 0;
			shellPath = /bin/sh;
			shellScript = "APOLLO_FRAMEWORK_PATH=\"$(eval find $FRAMEWORK_SEARCH_PATHS -name \"Apollo.framework\" -maxdepth 1)\"\n\nif [ -z \"$APOLLO_FRAMEWORK_PATH\" ]; then\necho \"error: Couldn't find Apollo.framework in FRAMEWORK_SEARCH_PATHS; make sure to add the framework to your project.\"\nexit 1\nfi\n\ncd \"${SRCROOT}/${TARGET_NAME}\"\n$APOLLO_FRAMEWORK_PATH/check-and-run-apollo-cli.sh codegen:generate --queries=\"$(find . -name '*.graphql')\" --schema=schema.json API.swift\n";
		};
/* End PBXShellScriptBuildPhase section */

/* Begin PBXSourcesBuildPhase section */
		7ADE49CD219CA2F0000463DA /* Sources */ = {
			isa = PBXSourcesBuildPhase;
			buildActionMask = 2147483647;
			files = (
				7ADE49D7219CA2F0000463DA /* ViewController.swift in Sources */,
				7ADE49D5219CA2F0000463DA /* AppDelegate.swift in Sources */,
			);
			runOnlyForDeploymentPostprocessing = 0;
		};
/* End PBXSourcesBuildPhase section */

/* Begin PBXTargetDependency section */
		7ADE4A02219CA368000463DA /* PBXTargetDependency */ = {
			isa = PBXTargetDependency;
			name = Apollo;
			targetProxy = 7ADE4A01219CA368000463DA /* PBXContainerItemProxy */;
		};
/* End PBXTargetDependency section */

/* Begin PBXVariantGroup section */
		7ADE49D8219CA2F0000463DA /* Main.storyboard */ = {
			isa = PBXVariantGroup;
			children = (
				7ADE49D9219CA2F0000463DA /* Base */,
			);
			name = Main.storyboard;
			sourceTree = "<group>";
		};
		7ADE49DD219CA2F2000463DA /* LaunchScreen.storyboard */ = {
			isa = PBXVariantGroup;
			children = (
				7ADE49DE219CA2F2000463DA /* Base */,
			);
			name = LaunchScreen.storyboard;
			sourceTree = "<group>";
		};
/* End PBXVariantGroup section */

/* Begin XCBuildConfiguration section */
		7ADE49E1219CA2F2000463DA /* Debug */ = {
			isa = XCBuildConfiguration;
			buildSettings = {
				ALWAYS_SEARCH_USER_PATHS = NO;
				CLANG_ANALYZER_NONNULL = YES;
				CLANG_ANALYZER_NUMBER_OBJECT_CONVERSION = YES_AGGRESSIVE;
				CLANG_CXX_LANGUAGE_STANDARD = "gnu++14";
				CLANG_CXX_LIBRARY = "libc++";
				CLANG_ENABLE_MODULES = YES;
				CLANG_ENABLE_OBJC_ARC = YES;
				CLANG_ENABLE_OBJC_WEAK = YES;
				CLANG_WARN_BLOCK_CAPTURE_AUTORELEASING = YES;
				CLANG_WARN_BOOL_CONVERSION = YES;
				CLANG_WARN_COMMA = YES;
				CLANG_WARN_CONSTANT_CONVERSION = YES;
				CLANG_WARN_DEPRECATED_OBJC_IMPLEMENTATIONS = YES;
				CLANG_WARN_DIRECT_OBJC_ISA_USAGE = YES_ERROR;
				CLANG_WARN_DOCUMENTATION_COMMENTS = YES;
				CLANG_WARN_EMPTY_BODY = YES;
				CLANG_WARN_ENUM_CONVERSION = YES;
				CLANG_WARN_INFINITE_RECURSION = YES;
				CLANG_WARN_INT_CONVERSION = YES;
				CLANG_WARN_NON_LITERAL_NULL_CONVERSION = YES;
				CLANG_WARN_OBJC_IMPLICIT_RETAIN_SELF = YES;
				CLANG_WARN_OBJC_LITERAL_CONVERSION = YES;
				CLANG_WARN_OBJC_ROOT_CLASS = YES_ERROR;
				CLANG_WARN_RANGE_LOOP_ANALYSIS = YES;
				CLANG_WARN_STRICT_PROTOTYPES = YES;
				CLANG_WARN_SUSPICIOUS_MOVE = YES;
				CLANG_WARN_UNGUARDED_AVAILABILITY = YES_AGGRESSIVE;
				CLANG_WARN_UNREACHABLE_CODE = YES;
				CLANG_WARN__DUPLICATE_METHOD_MATCH = YES;
				CODE_SIGN_IDENTITY = "iPhone Developer";
				COPY_PHASE_STRIP = NO;
				DEBUG_INFORMATION_FORMAT = dwarf;
				ENABLE_STRICT_OBJC_MSGSEND = YES;
				ENABLE_TESTABILITY = YES;
				GCC_C_LANGUAGE_STANDARD = gnu11;
				GCC_DYNAMIC_NO_PIC = NO;
				GCC_NO_COMMON_BLOCKS = YES;
				GCC_OPTIMIZATION_LEVEL = 0;
				GCC_PREPROCESSOR_DEFINITIONS = (
					"DEBUG=1",
					"$(inherited)",
				);
				GCC_WARN_64_TO_32_BIT_CONVERSION = YES;
				GCC_WARN_ABOUT_RETURN_TYPE = YES_ERROR;
				GCC_WARN_UNDECLARED_SELECTOR = YES;
				GCC_WARN_UNINITIALIZED_AUTOS = YES_AGGRESSIVE;
				GCC_WARN_UNUSED_FUNCTION = YES;
				GCC_WARN_UNUSED_VARIABLE = YES;
				IPHONEOS_DEPLOYMENT_TARGET = 12.1;
				MTL_ENABLE_DEBUG_INFO = INCLUDE_SOURCE;
				MTL_FAST_MATH = YES;
				ONLY_ACTIVE_ARCH = YES;
				SDKROOT = iphoneos;
				SWIFT_ACTIVE_COMPILATION_CONDITIONS = DEBUG;
				SWIFT_OPTIMIZATION_LEVEL = "-Onone";
			};
			name = Debug;
		};
		7ADE49E2219CA2F2000463DA /* Release */ = {
			isa = XCBuildConfiguration;
			buildSettings = {
				ALWAYS_SEARCH_USER_PATHS = NO;
				CLANG_ANALYZER_NONNULL = YES;
				CLANG_ANALYZER_NUMBER_OBJECT_CONVERSION = YES_AGGRESSIVE;
				CLANG_CXX_LANGUAGE_STANDARD = "gnu++14";
				CLANG_CXX_LIBRARY = "libc++";
				CLANG_ENABLE_MODULES = YES;
				CLANG_ENABLE_OBJC_ARC = YES;
				CLANG_ENABLE_OBJC_WEAK = YES;
				CLANG_WARN_BLOCK_CAPTURE_AUTORELEASING = YES;
				CLANG_WARN_BOOL_CONVERSION = YES;
				CLANG_WARN_COMMA = YES;
				CLANG_WARN_CONSTANT_CONVERSION = YES;
				CLANG_WARN_DEPRECATED_OBJC_IMPLEMENTATIONS = YES;
				CLANG_WARN_DIRECT_OBJC_ISA_USAGE = YES_ERROR;
				CLANG_WARN_DOCUMENTATION_COMMENTS = YES;
				CLANG_WARN_EMPTY_BODY = YES;
				CLANG_WARN_ENUM_CONVERSION = YES;
				CLANG_WARN_INFINITE_RECURSION = YES;
				CLANG_WARN_INT_CONVERSION = YES;
				CLANG_WARN_NON_LITERAL_NULL_CONVERSION = YES;
				CLANG_WARN_OBJC_IMPLICIT_RETAIN_SELF = YES;
				CLANG_WARN_OBJC_LITERAL_CONVERSION = YES;
				CLANG_WARN_OBJC_ROOT_CLASS = YES_ERROR;
				CLANG_WARN_RANGE_LOOP_ANALYSIS = YES;
				CLANG_WARN_STRICT_PROTOTYPES = YES;
				CLANG_WARN_SUSPICIOUS_MOVE = YES;
				CLANG_WARN_UNGUARDED_AVAILABILITY = YES_AGGRESSIVE;
				CLANG_WARN_UNREACHABLE_CODE = YES;
				CLANG_WARN__DUPLICATE_METHOD_MATCH = YES;
				CODE_SIGN_IDENTITY = "iPhone Developer";
				COPY_PHASE_STRIP = NO;
				DEBUG_INFORMATION_FORMAT = "dwarf-with-dsym";
				ENABLE_NS_ASSERTIONS = NO;
				ENABLE_STRICT_OBJC_MSGSEND = YES;
				GCC_C_LANGUAGE_STANDARD = gnu11;
				GCC_NO_COMMON_BLOCKS = YES;
				GCC_WARN_64_TO_32_BIT_CONVERSION = YES;
				GCC_WARN_ABOUT_RETURN_TYPE = YES_ERROR;
				GCC_WARN_UNDECLARED_SELECTOR = YES;
				GCC_WARN_UNINITIALIZED_AUTOS = YES_AGGRESSIVE;
				GCC_WARN_UNUSED_FUNCTION = YES;
				GCC_WARN_UNUSED_VARIABLE = YES;
				IPHONEOS_DEPLOYMENT_TARGET = 12.1;
				MTL_ENABLE_DEBUG_INFO = NO;
				MTL_FAST_MATH = YES;
				SDKROOT = iphoneos;
				SWIFT_COMPILATION_MODE = wholemodule;
				SWIFT_OPTIMIZATION_LEVEL = "-O";
				VALIDATE_PRODUCT = YES;
			};
			name = Release;
		};
		7ADE49E4219CA2F2000463DA /* Debug */ = {
			isa = XCBuildConfiguration;
			buildSettings = {
				ASSETCATALOG_COMPILER_APPICON_NAME = AppIcon;
				CODE_SIGN_STYLE = Automatic;
				DEVELOPMENT_TEAM = L4FET847JL;
				INFOPLIST_FILE = SampleAppWithAppolloDependency/Info.plist;
				LD_RUNPATH_SEARCH_PATHS = (
					"$(inherited)",
					"@executable_path/Frameworks",
				);
				PRODUCT_BUNDLE_IDENTIFIER = com.buddybuild.SampleAppWithAppolloDependency;
				PRODUCT_NAME = "$(TARGET_NAME)";
				SWIFT_VERSION = 4.2;
				TARGETED_DEVICE_FAMILY = "1,2";
			};
			name = Debug;
		};
		7ADE49E5219CA2F2000463DA /* Release */ = {
			isa = XCBuildConfiguration;
			buildSettings = {
				ASSETCATALOG_COMPILER_APPICON_NAME = AppIcon;
				CODE_SIGN_STYLE = Automatic;
				DEVELOPMENT_TEAM = L4FET847JL;
				INFOPLIST_FILE = SampleAppWithAppolloDependency/Info.plist;
				LD_RUNPATH_SEARCH_PATHS = (
					"$(inherited)",
					"@executable_path/Frameworks",
				);
				PRODUCT_BUNDLE_IDENTIFIER = com.buddybuild.SampleAppWithAppolloDependency;
				PRODUCT_NAME = "$(TARGET_NAME)";
				SWIFT_VERSION = 4.2;
				TARGETED_DEVICE_FAMILY = "1,2";
			};
			name = Release;
		};
/* End XCBuildConfiguration section */

/* Begin XCConfigurationList section */
		7ADE49CC219CA2F0000463DA /* Build configuration list for PBXProject "SampleAppWithAppolloDependency" */ = {
			isa = XCConfigurationList;
			buildConfigurations = (
				7ADE49E1219CA2F2000463DA /* Debug */,
				7ADE49E2219CA2F2000463DA /* Release */,
			);
			defaultConfigurationIsVisible = 0;
			defaultConfigurationName = Release;
		};
		7ADE49E3219CA2F2000463DA /* Build configuration list for PBXNativeTarget "SampleAppWithAppolloDependency" */ = {
			isa = XCConfigurationList;
			buildConfigurations = (
				7ADE49E4219CA2F2000463DA /* Debug */,
				7ADE49E5219CA2F2000463DA /* Release */,
			);
			defaultConfigurationIsVisible = 0;
			defaultConfigurationName = Release;
		};
/* End XCConfigurationList section */
	};
	rootObject = 7ADE49C9219CA2F0000463DA /* Project object */;
}
